
Microsoft Visual Studio Solution File, Format Version 12.00
# Visual Studio 15
VisualStudioVersion = 15.0.27004.2005
MinimumVisualStudioVersion = 10.0.40219.1
Project("{2150E333-8FDC-42A3-9474-1A3956D46DE8}") = "Engine", "Engine", "{FD1DDA78-B519-434C-A693-873370C4AD5B}"
EndProject
Project("{2150E333-8FDC-42A3-9474-1A3956D46DE8}") = "Games", "Games", "{224AD580-7236-40C3-BC50-E7EC6D0F6CF9}"
EndProject
Project("{8BC9CEB8-8B4A-11D0-8D11-00A0C91BC942}") = "UE4", "Intermediate\ProjectFiles\UE4.vcxproj", "{0DC7F2B3-7EF7-4DE0-95C6-E55648EB0EFE}"
EndProject
Project("{8BC9CEB8-8B4A-11D0-8D11-00A0C91BC942}") = "TCC3", "Intermediate\ProjectFiles\TCC3.vcxproj", "{1D0A86FC-05BF-444C-A2FA-F3D86F73AA53}"
EndProject
Global
	GlobalSection(SolutionConfigurationPlatforms) = preSolution
		DebugGame Editor|HTML5 = DebugGame Editor|HTML5
		DebugGame Editor|Win32 = DebugGame Editor|Win32
		DebugGame Editor|Win64 = DebugGame Editor|Win64
		DebugGame|HTML5 = DebugGame|HTML5
		DebugGame|Win32 = DebugGame|Win32
		DebugGame|Win64 = DebugGame|Win64
		Development Editor|HTML5 = Development Editor|HTML5
		Development Editor|Win32 = Development Editor|Win32
		Development Editor|Win64 = Development Editor|Win64
		Development|HTML5 = Development|HTML5
		Development|Win32 = Development|Win32
		Development|Win64 = Development|Win64
		Shipping|HTML5 = Shipping|HTML5
		Shipping|Win32 = Shipping|Win32
		Shipping|Win64 = Shipping|Win64
	EndGlobalSection
	GlobalSection(ProjectConfigurationPlatforms) = postSolution
		{0DC7F2B3-7EF7-4DE0-95C6-E55648EB0EFE}.DebugGame Editor|HTML5.ActiveCfg = BuiltWithUnrealBuildTool|Win32
		{0DC7F2B3-7EF7-4DE0-95C6-E55648EB0EFE}.DebugGame Editor|HTML5.Build.0 = BuiltWithUnrealBuildTool|Win32
		{0DC7F2B3-7EF7-4DE0-95C6-E55648EB0EFE}.DebugGame Editor|Win32.ActiveCfg = BuiltWithUnrealBuildTool|Win32
		{0DC7F2B3-7EF7-4DE0-95C6-E55648EB0EFE}.DebugGame Editor|Win32.Build.0 = BuiltWithUnrealBuildTool|Win32
		{0DC7F2B3-7EF7-4DE0-95C6-E55648EB0EFE}.DebugGame Editor|Win64.ActiveCfg = BuiltWithUnrealBuildTool|Win32
		{0DC7F2B3-7EF7-4DE0-95C6-E55648EB0EFE}.DebugGame Editor|Win64.Build.0 = BuiltWithUnrealBuildTool|Win32
		{0DC7F2B3-7EF7-4DE0-95C6-E55648EB0EFE}.DebugGame|HTML5.ActiveCfg = BuiltWithUnrealBuildTool|Win32
		{0DC7F2B3-7EF7-4DE0-95C6-E55648EB0EFE}.DebugGame|HTML5.Build.0 = BuiltWithUnrealBuildTool|Win32
		{0DC7F2B3-7EF7-4DE0-95C6-E55648EB0EFE}.DebugGame|Win32.ActiveCfg = BuiltWithUnrealBuildTool|Win32
		{0DC7F2B3-7EF7-4DE0-95C6-E55648EB0EFE}.DebugGame|Win32.Build.0 = BuiltWithUnrealBuildTool|Win32
		{0DC7F2B3-7EF7-4DE0-95C6-E55648EB0EFE}.DebugGame|Win64.ActiveCfg = BuiltWithUnrealBuildTool|Win32
		{0DC7F2B3-7EF7-4DE0-95C6-E55648EB0EFE}.DebugGame|Win64.Build.0 = BuiltWithUnrealBuildTool|Win32
		{0DC7F2B3-7EF7-4DE0-95C6-E55648EB0EFE}.Development Editor|HTML5.ActiveCfg = BuiltWithUnrealBuildTool|Win32
		{0DC7F2B3-7EF7-4DE0-95C6-E55648EB0EFE}.Development Editor|HTML5.Build.0 = BuiltWithUnrealBuildTool|Win32
		{0DC7F2B3-7EF7-4DE0-95C6-E55648EB0EFE}.Development Editor|Win32.ActiveCfg = BuiltWithUnrealBuildTool|Win32
		{0DC7F2B3-7EF7-4DE0-95C6-E55648EB0EFE}.Development Editor|Win32.Build.0 = BuiltWithUnrealBuildTool|Win32
		{0DC7F2B3-7EF7-4DE0-95C6-E55648EB0EFE}.Development Editor|Win64.ActiveCfg = BuiltWithUnrealBuildTool|Win32
		{0DC7F2B3-7EF7-4DE0-95C6-E55648EB0EFE}.Development Editor|Win64.Build.0 = BuiltWithUnrealBuildTool|Win32
		{0DC7F2B3-7EF7-4DE0-95C6-E55648EB0EFE}.Development|HTML5.ActiveCfg = BuiltWithUnrealBuildTool|Win32
		{0DC7F2B3-7EF7-4DE0-95C6-E55648EB0EFE}.Development|HTML5.Build.0 = BuiltWithUnrealBuildTool|Win32
		{0DC7F2B3-7EF7-4DE0-95C6-E55648EB0EFE}.Development|Win32.ActiveCfg = BuiltWithUnrealBuildTool|Win32
		{0DC7F2B3-7EF7-4DE0-95C6-E55648EB0EFE}.Development|Win32.Build.0 = BuiltWithUnrealBuildTool|Win32
		{0DC7F2B3-7EF7-4DE0-95C6-E55648EB0EFE}.Development|Win64.ActiveCfg = BuiltWithUnrealBuildTool|Win32
		{0DC7F2B3-7EF7-4DE0-95C6-E55648EB0EFE}.Development|Win64.Build.0 = BuiltWithUnrealBuildTool|Win32
		{0DC7F2B3-7EF7-4DE0-95C6-E55648EB0EFE}.Shipping|HTML5.ActiveCfg = BuiltWithUnrealBuildTool|Win32
		{0DC7F2B3-7EF7-4DE0-95C6-E55648EB0EFE}.Shipping|HTML5.Build.0 = BuiltWithUnrealBuildTool|Win32
		{0DC7F2B3-7EF7-4DE0-95C6-E55648EB0EFE}.Shipping|Win32.ActiveCfg = BuiltWithUnrealBuildTool|Win32
		{0DC7F2B3-7EF7-4DE0-95C6-E55648EB0EFE}.Shipping|Win32.Build.0 = BuiltWithUnrealBuildTool|Win32
		{0DC7F2B3-7EF7-4DE0-95C6-E55648EB0EFE}.Shipping|Win64.ActiveCfg = BuiltWithUnrealBuildTool|Win32
		{0DC7F2B3-7EF7-4DE0-95C6-E55648EB0EFE}.Shipping|Win64.Build.0 = BuiltWithUnrealBuildTool|Win32
		{1D0A86FC-05BF-444C-A2FA-F3D86F73AA53}.DebugGame Editor|HTML5.ActiveCfg = HTML5_DebugGame_Editor|Win32
		{1D0A86FC-05BF-444C-A2FA-F3D86F73AA53}.DebugGame Editor|Win32.ActiveCfg = DebugGame_Editor|Win32
		{1D0A86FC-05BF-444C-A2FA-F3D86F73AA53}.DebugGame Editor|Win64.ActiveCfg = DebugGame_Editor|x64
		{1D0A86FC-05BF-444C-A2FA-F3D86F73AA53}.DebugGame Editor|Win64.Build.0 = DebugGame_Editor|x64
		{1D0A86FC-05BF-444C-A2FA-F3D86F73AA53}.DebugGame|HTML5.ActiveCfg = HTML5_DebugGame_Game|Win32
		{1D0A86FC-05BF-444C-A2FA-F3D86F73AA53}.DebugGame|HTML5.Build.0 = HTML5_DebugGame_Game|Win32
		{1D0A86FC-05BF-444C-A2FA-F3D86F73AA53}.DebugGame|Win32.ActiveCfg = DebugGame_Game|Win32
		{1D0A86FC-05BF-444C-A2FA-F3D86F73AA53}.DebugGame|Win32.Build.0 = DebugGame_Game|Win32
		{1D0A86FC-05BF-444C-A2FA-F3D86F73AA53}.DebugGame|Win64.ActiveCfg = DebugGame_Game|x64
		{1D0A86FC-05BF-444C-A2FA-F3D86F73AA53}.DebugGame|Win64.Build.0 = DebugGame_Game|x64
		{1D0A86FC-05BF-444C-A2FA-F3D86F73AA53}.Development Editor|HTML5.ActiveCfg = HTML5_Development_Editor|Win32
		{1D0A86FC-05BF-444C-A2FA-F3D86F73AA53}.Development Editor|Win32.ActiveCfg = Development_Editor|Win32
		{1D0A86FC-05BF-444C-A2FA-F3D86F73AA53}.Development Editor|Win64.ActiveCfg = Development_Editor|x64
		{1D0A86FC-05BF-444C-A2FA-F3D86F73AA53}.Development Editor|Win64.Build.0 = Development_Editor|x64
		{1D0A86FC-05BF-444C-A2FA-F3D86F73AA53}.Development|HTML5.ActiveCfg = HTML5_Development_Game|Win32
		{1D0A86FC-05BF-444C-A2FA-F3D86F73AA53}.Development|HTML5.Build.0 = HTML5_Development_Game|Win32
		{1D0A86FC-05BF-444C-A2FA-F3D86F73AA53}.Development|Win32.ActiveCfg = Development_Game|Win32
		{1D0A86FC-05BF-444C-A2FA-F3D86F73AA53}.Development|Win32.Build.0 = Development_Game|Win32
		{1D0A86FC-05BF-444C-A2FA-F3D86F73AA53}.Development|Win64.ActiveCfg = Development_Game|x64
		{1D0A86FC-05BF-444C-A2FA-F3D86F73AA53}.Development|Win64.Build.0 = Development_Game|x64
		{1D0A86FC-05BF-444C-A2FA-F3D86F73AA53}.Shipping|HTML5.ActiveCfg = HTML5_Shipping_Game|Win32
		{1D0A86FC-05BF-444C-A2FA-F3D86F73AA53}.Shipping|HTML5.Build.0 = HTML5_Shipping_Game|Win32
		{1D0A86FC-05BF-444C-A2FA-F3D86F73AA53}.Shipping|Win32.ActiveCfg = Shipping_Game|Win32
		{1D0A86FC-05BF-444C-A2FA-F3D86F73AA53}.Shipping|Win32.Build.0 = Shipping_Game|Win32
		{1D0A86FC-05BF-444C-A2FA-F3D86F73AA53}.Shipping|Win64.ActiveCfg = Shipping_Game|x64
		{1D0A86FC-05BF-444C-A2FA-F3D86F73AA53}.Shipping|Win64.Build.0 = Shipping_Game|x64
	EndGlobalSection
	GlobalSection(SolutionProperties) = preSolution
		HideSolutionNode = FALSE
	EndGlobalSection
	GlobalSection(NestedProjects) = preSolution
		{0DC7F2B3-7EF7-4DE0-95C6-E55648EB0EFE} = {FD1DDA78-B519-434C-A693-873370C4AD5B}
		{1D0A86FC-05BF-444C-A2FA-F3D86F73AA53} = {224AD580-7236-40C3-BC50-E7EC6D0F6CF9}
	EndGlobalSection
	GlobalSection(ExtensibilityGlobals) = postSolution
		SolutionGuid = {C8BE3709-E689-495D-9C89-F0D825C92536}
	EndGlobalSection
EndGlobal
